
Microsoft Visual Studio Solution File, Format Version 12.00
# Visual Studio Version 17
VisualStudioVersion = 17.0.31903.59
MinimumVisualStudioVersion = 10.0.40219.1
Project("{9A19103F-16F7-4668-BE54-9A1E7A4F7556}") = "hello-mturk", "hello-mturk.csproj", "{1D2FDD17-57BC-4738-8314-1F31A2A7C211}"
EndProject
Global
	GlobalSection(SolutionConfigurationPlatforms) = preSolution
		Debug|Any CPU = Debug|Any CPU
		Release|Any CPU = Release|Any CPU
	EndGlobalSection
	GlobalSection(ProjectConfigurationPlatforms) = postSolution
		{1D2FDD17-57BC-4738-8314-1F31A2A7C211}.Debug|Any CPU.ActiveCfg = Debug|Any CPU
		{1D2FDD17-57BC-4738-8314-1F31A2A7C211}.Debug|Any CPU.Build.0 = Debug|Any CPU
		{1D2FDD17-57BC-4738-8314-1F31A2A7C211}.Release|Any CPU.ActiveCfg = Release|Any CPU
		{1D2FDD17-57BC-4738-8314-1F31A2A7C211}.Release|Any CPU.Build.0 = Release|Any CPU
	EndGlobalSection
	GlobalSection(SolutionProperties) = preSolution
		HideSolutionNode = FALSE
	EndGlobalSection
	GlobalSection(ExtensibilityGlobals) = postSolution
		SolutionGuid = {5EC7AF06-9F06-4DC8-A322-FFAAD7856092}
	EndGlobalSection
EndGlobal
